
Microsoft Visual Studio Solution File, Format Version 12.00
# Visual Studio Version 16
VisualStudioVersion = 16.0.30330.147
MinimumVisualStudioVersion = 10.0.40219.1
Project("{FAE04EC0-301F-11D3-BF4B-00C04F79EFBC}") = "WyvernTools.Website", "WyvernTools.Website\WyvernTools.Website.csproj", "{EBC5B104-A876-4BD7-97AF-B044F01D76CD}"
EndProject
Global
	GlobalSection(SolutionConfigurationPlatforms) = preSolution
		Debug|Any CPU = Debug|Any CPU
		Release|Any CPU = Release|Any CPU
	EndGlobalSection
	GlobalSection(ProjectConfigurationPlatforms) = postSolution
		{EBC5B104-A876-4BD7-97AF-B044F01D76CD}.Debug|Any CPU.ActiveCfg = Debug|Any CPU
		{EBC5B104-A876-4BD7-97AF-B044F01D76CD}.Debug|Any CPU.Build.0 = Debug|Any CPU
		{EBC5B104-A876-4BD7-97AF-B044F01D76CD}.Release|Any CPU.ActiveCfg = Release|Any CPU
		{EBC5B104-A876-4BD7-97AF-B044F01D76CD}.Release|Any CPU.Build.0 = Release|Any CPU
	EndGlobalSection
	GlobalSection(SolutionProperties) = preSolution
		HideSolutionNode = FALSE
	EndGlobalSection
	GlobalSection(ExtensibilityGlobals) = postSolution
		SolutionGuid = {3BF112D5-5BEA-49ED-980B-D840BFA02CDB}
	EndGlobalSection
EndGlobal
